
Microsoft Visual Studio Solution File, Format Version 12.00
# Visual Studio Version 16
VisualStudioVersion = 16.0.31613.86
MinimumVisualStudioVersion = 10.0.40219.1
Project("{FAE04EC0-301F-11D3-BF4B-00C04F79EFBC}") = "PixelFacebook", "PixelFacebook\PixelFacebook.csproj", "{727DB2C7-CF01-4780-8424-D955F539EA27}"
EndProject
Global
	GlobalSection(SolutionConfigurationPlatforms) = preSolution
		Debug|Any CPU = Debug|Any CPU
		Release|Any CPU = Release|Any CPU
	EndGlobalSection
	GlobalSection(ProjectConfigurationPlatforms) = postSolution
		{727DB2C7-CF01-4780-8424-D955F539EA27}.Debug|Any CPU.ActiveCfg = Debug|Any CPU
		{727DB2C7-CF01-4780-8424-D955F539EA27}.Debug|Any CPU.Build.0 = Debug|Any CPU
		{727DB2C7-CF01-4780-8424-D955F539EA27}.Release|Any CPU.ActiveCfg = Release|Any CPU
		{727DB2C7-CF01-4780-8424-D955F539EA27}.Release|Any CPU.Build.0 = Release|Any CPU
	EndGlobalSection
	GlobalSection(SolutionProperties) = preSolution
		HideSolutionNode = FALSE
	EndGlobalSection
	GlobalSection(ExtensibilityGlobals) = postSolution
		SolutionGuid = {067414AD-9E3C-4A2B-BE20-53A467752CD7}
	EndGlobalSection
EndGlobal
